
Microsoft Visual Studio Solution File, Format Version 12.00
# Visual Studio Version 16
VisualStudioVersion = 16.0.30611.23
MinimumVisualStudioVersion = 10.0.40219.1
Project("{9A19103F-16F7-4668-BE54-9A1E7A4F7556}") = "PhanTichChungKhoan.Application", "PhanTichChungKhoan.Application\PhanTichChungKhoan.Application.csproj", "{322B2A55-EE11-427A-BDB5-07F880460C8B}"
EndProject
Project("{9A19103F-16F7-4668-BE54-9A1E7A4F7556}") = "PhanTichChungKhoan.Infrastructure", "PhanTichChungKhoan.Infrastructure\PhanTichChungKhoan.Infrastructure.csproj", "{0C752410-99D1-4FD7-BAFA-591A0852BA9C}"
EndProject
Project("{9A19103F-16F7-4668-BE54-9A1E7A4F7556}") = "PhanTichChungKhoan.Domain", "PhanTichChungKhoan.Domain\PhanTichChungKhoan.Domain.csproj", "{3833B2F6-EB44-4757-871F-05341722B0DC}"
EndProject
Project("{9A19103F-16F7-4668-BE54-9A1E7A4F7556}") = "WebApplication1", "WebApplication1\WebApplication1.csproj", "{3E643ABD-10EE-42DB-825B-21DD8DF6883B}"
EndProject
Project("{9A19103F-16F7-4668-BE54-9A1E7A4F7556}") = "PhanTichChungKhoan.WebApp", "PhanTichChungKhoan.WebApp\PhanTichChungKhoan.WebApp.csproj", "{578AD1BC-8068-4797-AF0D-A8C5860F48CC}"
EndProject
Project("{9A19103F-16F7-4668-BE54-9A1E7A4F7556}") = "PhanTichChungKhoan.WebApi", "PhanTichChungKhoan.WebApi\PhanTichChungKhoan.WebApi.csproj", "{D987B59B-991F-4FFA-8630-BF4DEF1E1D3A}"
EndProject
Project("{9A19103F-16F7-4668-BE54-9A1E7A4F7556}") = "PhanTichChungKhoan.WebApi.IntegrationTests", "PhanTichChungKhoan.WebApi.IntegrationTests\PhanTichChungKhoan.WebApi.IntegrationTests.csproj", "{0EE52F2B-C407-4C92-9362-A8BF5A57A6B0}"
EndProject
Project("{FAE04EC0-301F-11D3-BF4B-00C04F79EFBC}") = "XUnitTestProject1", "XUnitTestProject1\XUnitTestProject1.csproj", "{4A91DC35-88E4-47FF-BC58-296DCAFAFB8E}"
EndProject
Global
	GlobalSection(SolutionConfigurationPlatforms) = preSolution
		Debug|Any CPU = Debug|Any CPU
		Release|Any CPU = Release|Any CPU
	EndGlobalSection
	GlobalSection(ProjectConfigurationPlatforms) = postSolution
		{322B2A55-EE11-427A-BDB5-07F880460C8B}.Debug|Any CPU.ActiveCfg = Debug|Any CPU
		{322B2A55-EE11-427A-BDB5-07F880460C8B}.Debug|Any CPU.Build.0 = Debug|Any CPU
		{322B2A55-EE11-427A-BDB5-07F880460C8B}.Release|Any CPU.ActiveCfg = Release|Any CPU
		{322B2A55-EE11-427A-BDB5-07F880460C8B}.Release|Any CPU.Build.0 = Release|Any CPU
		{0C752410-99D1-4FD7-BAFA-591A0852BA9C}.Debug|Any CPU.ActiveCfg = Debug|Any CPU
		{0C752410-99D1-4FD7-BAFA-591A0852BA9C}.Debug|Any CPU.Build.0 = Debug|Any CPU
		{0C752410-99D1-4FD7-BAFA-591A0852BA9C}.Release|Any CPU.ActiveCfg = Release|Any CPU
		{0C752410-99D1-4FD7-BAFA-591A0852BA9C}.Release|Any CPU.Build.0 = Release|Any CPU
		{3833B2F6-EB44-4757-871F-05341722B0DC}.Debug|Any CPU.ActiveCfg = Debug|Any CPU
		{3833B2F6-EB44-4757-871F-05341722B0DC}.Debug|Any CPU.Build.0 = Debug|Any CPU
		{3833B2F6-EB44-4757-871F-05341722B0DC}.Release|Any CPU.ActiveCfg = Release|Any CPU
		{3833B2F6-EB44-4757-871F-05341722B0DC}.Release|Any CPU.Build.0 = Release|Any CPU
		{3E643ABD-10EE-42DB-825B-21DD8DF6883B}.Debug|Any CPU.ActiveCfg = Debug|Any CPU
		{3E643ABD-10EE-42DB-825B-21DD8DF6883B}.Debug|Any CPU.Build.0 = Debug|Any CPU
		{3E643ABD-10EE-42DB-825B-21DD8DF6883B}.Release|Any CPU.ActiveCfg = Release|Any CPU
		{3E643ABD-10EE-42DB-825B-21DD8DF6883B}.Release|Any CPU.Build.0 = Release|Any CPU
		{578AD1BC-8068-4797-AF0D-A8C5860F48CC}.Debug|Any CPU.ActiveCfg = Debug|Any CPU
		{578AD1BC-8068-4797-AF0D-A8C5860F48CC}.Debug|Any CPU.Build.0 = Debug|Any CPU
		{578AD1BC-8068-4797-AF0D-A8C5860F48CC}.Release|Any CPU.ActiveCfg = Release|Any CPU
		{578AD1BC-8068-4797-AF0D-A8C5860F48CC}.Release|Any CPU.Build.0 = Release|Any CPU
		{D987B59B-991F-4FFA-8630-BF4DEF1E1D3A}.Debug|Any CPU.ActiveCfg = Debug|Any CPU
		{D987B59B-991F-4FFA-8630-BF4DEF1E1D3A}.Debug|Any CPU.Build.0 = Debug|Any CPU
		{D987B59B-991F-4FFA-8630-BF4DEF1E1D3A}.Release|Any CPU.ActiveCfg = Release|Any CPU
		{D987B59B-991F-4FFA-8630-BF4DEF1E1D3A}.Release|Any CPU.Build.0 = Release|Any CPU
		{0EE52F2B-C407-4C92-9362-A8BF5A57A6B0}.Debug|Any CPU.ActiveCfg = Debug|Any CPU
		{0EE52F2B-C407-4C92-9362-A8BF5A57A6B0}.Debug|Any CPU.Build.0 = Debug|Any CPU
		{0EE52F2B-C407-4C92-9362-A8BF5A57A6B0}.Release|Any CPU.ActiveCfg = Release|Any CPU
		{0EE52F2B-C407-4C92-9362-A8BF5A57A6B0}.Release|Any CPU.Build.0 = Release|Any CPU
		{4A91DC35-88E4-47FF-BC58-296DCAFAFB8E}.Debug|Any CPU.ActiveCfg = Debug|Any CPU
		{4A91DC35-88E4-47FF-BC58-296DCAFAFB8E}.Debug|Any CPU.Build.0 = Debug|Any CPU
		{4A91DC35-88E4-47FF-BC58-296DCAFAFB8E}.Release|Any CPU.ActiveCfg = Release|Any CPU
		{4A91DC35-88E4-47FF-BC58-296DCAFAFB8E}.Release|Any CPU.Build.0 = Release|Any CPU
	EndGlobalSection
	GlobalSection(SolutionProperties) = preSolution
		HideSolutionNode = FALSE
	EndGlobalSection
	GlobalSection(ExtensibilityGlobals) = postSolution
		SolutionGuid = {D06E1BBE-159C-4560-B7D9-8CD0E4ECCE8B}
	EndGlobalSection
EndGlobal
